
Microsoft Visual Studio Solution File, Format Version 12.00
# Visual Studio Version 17
VisualStudioVersion = 17.1.32210.238
MinimumVisualStudioVersion = 10.0.40219.1
Project("{FAE04EC0-301F-11D3-BF4B-00C04F79EFBC}") = "Utad.lab3.Aula02.ex1", "Utad.lab3.Aula02.ex1\Utad.lab3.Aula02.ex1.csproj", "{0684E7A2-9322-403E-ABB6-B5839E057E05}"
EndProject
Global
	GlobalSection(SolutionConfigurationPlatforms) = preSolution
		Debug|Any CPU = Debug|Any CPU
		Release|Any CPU = Release|Any CPU
	EndGlobalSection
	GlobalSection(ProjectConfigurationPlatforms) = postSolution
		{0684E7A2-9322-403E-ABB6-B5839E057E05}.Debug|Any CPU.ActiveCfg = Debug|Any CPU
		{0684E7A2-9322-403E-ABB6-B5839E057E05}.Debug|Any CPU.Build.0 = Debug|Any CPU
		{0684E7A2-9322-403E-ABB6-B5839E057E05}.Release|Any CPU.ActiveCfg = Release|Any CPU
		{0684E7A2-9322-403E-ABB6-B5839E057E05}.Release|Any CPU.Build.0 = Release|Any CPU
	EndGlobalSection
	GlobalSection(SolutionProperties) = preSolution
		HideSolutionNode = FALSE
	EndGlobalSection
	GlobalSection(ExtensibilityGlobals) = postSolution
		SolutionGuid = {6486EC7A-3B4F-4CBA-979D-39DA069924F0}
	EndGlobalSection
EndGlobal
