
Microsoft Visual Studio Solution File, Format Version 12.00
# Visual Studio Version 17
VisualStudioVersion = 17.1.32228.430
MinimumVisualStudioVersion = 10.0.40219.1
Project("{FAE04EC0-301F-11D3-BF4B-00C04F79EFBC}") = "Aula04", "Aula04\Aula04.csproj", "{374E6BB6-38E4-426F-A57C-E898582021EA}"
EndProject
Global
	GlobalSection(SolutionConfigurationPlatforms) = preSolution
		Debug|Any CPU = Debug|Any CPU
		Release|Any CPU = Release|Any CPU
	EndGlobalSection
	GlobalSection(ProjectConfigurationPlatforms) = postSolution
		{374E6BB6-38E4-426F-A57C-E898582021EA}.Debug|Any CPU.ActiveCfg = Debug|Any CPU
		{374E6BB6-38E4-426F-A57C-E898582021EA}.Debug|Any CPU.Build.0 = Debug|Any CPU
		{374E6BB6-38E4-426F-A57C-E898582021EA}.Release|Any CPU.ActiveCfg = Release|Any CPU
		{374E6BB6-38E4-426F-A57C-E898582021EA}.Release|Any CPU.Build.0 = Release|Any CPU
	EndGlobalSection
	GlobalSection(SolutionProperties) = preSolution
		HideSolutionNode = FALSE
	EndGlobalSection
	GlobalSection(ExtensibilityGlobals) = postSolution
		SolutionGuid = {9C9D02A5-2A4D-4EDE-B7DF-85C82E739388}
	EndGlobalSection
EndGlobal
