
Microsoft Visual Studio Solution File, Format Version 12.00
# Visual Studio Version 17
VisualStudioVersion = 17.2.32519.379
MinimumVisualStudioVersion = 10.0.40219.1
Project("{FAE04EC0-301F-11D3-BF4B-00C04F79EFBC}") = "EX_extra02", "EX_extra02\EX_extra02.csproj", "{58035C2A-6C2D-4CD4-95CE-8A5DDD6BE645}"
EndProject
Global
	GlobalSection(SolutionConfigurationPlatforms) = preSolution
		Debug|Any CPU = Debug|Any CPU
		Release|Any CPU = Release|Any CPU
	EndGlobalSection
	GlobalSection(ProjectConfigurationPlatforms) = postSolution
		{58035C2A-6C2D-4CD4-95CE-8A5DDD6BE645}.Debug|Any CPU.ActiveCfg = Debug|Any CPU
		{58035C2A-6C2D-4CD4-95CE-8A5DDD6BE645}.Debug|Any CPU.Build.0 = Debug|Any CPU
		{58035C2A-6C2D-4CD4-95CE-8A5DDD6BE645}.Release|Any CPU.ActiveCfg = Release|Any CPU
		{58035C2A-6C2D-4CD4-95CE-8A5DDD6BE645}.Release|Any CPU.Build.0 = Release|Any CPU
	EndGlobalSection
	GlobalSection(SolutionProperties) = preSolution
		HideSolutionNode = FALSE
	EndGlobalSection
	GlobalSection(ExtensibilityGlobals) = postSolution
		SolutionGuid = {E98FA6BF-7774-4D19-A5C0-CC210C51F8B3}
	EndGlobalSection
EndGlobal
