
Microsoft Visual Studio Solution File, Format Version 12.00
# Visual Studio Version 17
VisualStudioVersion = 17.1.32210.238
MinimumVisualStudioVersion = 10.0.40219.1
Project("{8BC9CEB8-8B4A-11D0-8D11-00A0C91BC942}") = "Utad.alg.aula003", "Utad.alg.aula003\Utad.alg.aula003.vcxproj", "{E8BE5A7E-096E-4956-A845-2668B0E4828E}"
EndProject
Global
	GlobalSection(SolutionConfigurationPlatforms) = preSolution
		Debug|ARM = Debug|ARM
		Debug|ARM64 = Debug|ARM64
		Debug|x64 = Debug|x64
		Debug|x86 = Debug|x86
		Release|ARM = Release|ARM
		Release|ARM64 = Release|ARM64
		Release|x64 = Release|x64
		Release|x86 = Release|x86
	EndGlobalSection
	GlobalSection(ProjectConfigurationPlatforms) = postSolution
		{E8BE5A7E-096E-4956-A845-2668B0E4828E}.Debug|ARM.ActiveCfg = Debug|ARM
		{E8BE5A7E-096E-4956-A845-2668B0E4828E}.Debug|ARM.Build.0 = Debug|ARM
		{E8BE5A7E-096E-4956-A845-2668B0E4828E}.Debug|ARM.Deploy.0 = Debug|ARM
		{E8BE5A7E-096E-4956-A845-2668B0E4828E}.Debug|ARM64.ActiveCfg = Debug|ARM64
		{E8BE5A7E-096E-4956-A845-2668B0E4828E}.Debug|ARM64.Build.0 = Debug|ARM64
		{E8BE5A7E-096E-4956-A845-2668B0E4828E}.Debug|ARM64.Deploy.0 = Debug|ARM64
		{E8BE5A7E-096E-4956-A845-2668B0E4828E}.Debug|x64.ActiveCfg = Debug|x64
		{E8BE5A7E-096E-4956-A845-2668B0E4828E}.Debug|x64.Build.0 = Debug|x64
		{E8BE5A7E-096E-4956-A845-2668B0E4828E}.Debug|x64.Deploy.0 = Debug|x64
		{E8BE5A7E-096E-4956-A845-2668B0E4828E}.Debug|x86.ActiveCfg = Debug|x86
		{E8BE5A7E-096E-4956-A845-2668B0E4828E}.Debug|x86.Build.0 = Debug|x86
		{E8BE5A7E-096E-4956-A845-2668B0E4828E}.Debug|x86.Deploy.0 = Debug|x86
		{E8BE5A7E-096E-4956-A845-2668B0E4828E}.Release|ARM.ActiveCfg = Release|ARM
		{E8BE5A7E-096E-4956-A845-2668B0E4828E}.Release|ARM.Build.0 = Release|ARM
		{E8BE5A7E-096E-4956-A845-2668B0E4828E}.Release|ARM.Deploy.0 = Release|ARM
		{E8BE5A7E-096E-4956-A845-2668B0E4828E}.Release|ARM64.ActiveCfg = Release|ARM64
		{E8BE5A7E-096E-4956-A845-2668B0E4828E}.Release|ARM64.Build.0 = Release|ARM64
		{E8BE5A7E-096E-4956-A845-2668B0E4828E}.Release|ARM64.Deploy.0 = Release|ARM64
		{E8BE5A7E-096E-4956-A845-2668B0E4828E}.Release|x64.ActiveCfg = Release|x64
		{E8BE5A7E-096E-4956-A845-2668B0E4828E}.Release|x64.Build.0 = Release|x64
		{E8BE5A7E-096E-4956-A845-2668B0E4828E}.Release|x64.Deploy.0 = Release|x64
		{E8BE5A7E-096E-4956-A845-2668B0E4828E}.Release|x86.ActiveCfg = Release|x86
		{E8BE5A7E-096E-4956-A845-2668B0E4828E}.Release|x86.Build.0 = Release|x86
		{E8BE5A7E-096E-4956-A845-2668B0E4828E}.Release|x86.Deploy.0 = Release|x86
	EndGlobalSection
	GlobalSection(SolutionProperties) = preSolution
		HideSolutionNode = FALSE
	EndGlobalSection
	GlobalSection(ExtensibilityGlobals) = postSolution
		SolutionGuid = {D7503D8F-47E9-4B4D-B581-F4BFD38F6670}
	EndGlobalSection
EndGlobal
