
Microsoft Visual Studio Solution File, Format Version 12.00
# Visual Studio Version 16
VisualStudioVersion = 16.0.31005.135
MinimumVisualStudioVersion = 10.0.40219.1
Project("{8BC9CEB8-8B4A-11D0-8D11-00A0C91BC942}") = "ex2.1", "ex2.1\ex2.1.vcxproj", "{E169859D-9DF8-49E7-87E7-86E0732EDDCC}"
EndProject
Global
	GlobalSection(SolutionConfigurationPlatforms) = preSolution
		Debug|x64 = Debug|x64
		Debug|x86 = Debug|x86
		Release|x64 = Release|x64
		Release|x86 = Release|x86
	EndGlobalSection
	GlobalSection(ProjectConfigurationPlatforms) = postSolution
		{E169859D-9DF8-49E7-87E7-86E0732EDDCC}.Debug|x64.ActiveCfg = Debug|x64
		{E169859D-9DF8-49E7-87E7-86E0732EDDCC}.Debug|x64.Build.0 = Debug|x64
		{E169859D-9DF8-49E7-87E7-86E0732EDDCC}.Debug|x86.ActiveCfg = Debug|Win32
		{E169859D-9DF8-49E7-87E7-86E0732EDDCC}.Debug|x86.Build.0 = Debug|Win32
		{E169859D-9DF8-49E7-87E7-86E0732EDDCC}.Release|x64.ActiveCfg = Release|x64
		{E169859D-9DF8-49E7-87E7-86E0732EDDCC}.Release|x64.Build.0 = Release|x64
		{E169859D-9DF8-49E7-87E7-86E0732EDDCC}.Release|x86.ActiveCfg = Release|Win32
		{E169859D-9DF8-49E7-87E7-86E0732EDDCC}.Release|x86.Build.0 = Release|Win32
	EndGlobalSection
	GlobalSection(SolutionProperties) = preSolution
		HideSolutionNode = FALSE
	EndGlobalSection
	GlobalSection(ExtensibilityGlobals) = postSolution
		SolutionGuid = {D838A870-C21E-436A-A428-B665F031B827}
	EndGlobalSection
EndGlobal
