
Microsoft Visual Studio Solution File, Format Version 12.00
# Visual Studio Version 17
VisualStudioVersion = 17.1.32210.238
MinimumVisualStudioVersion = 10.0.40219.1
Project("{FAE04EC0-301F-11D3-BF4B-00C04F79EFBC}") = "Utad.lab3.aula002.ex1", "Utad.lab3.aula002.ex1\Utad.lab3.aula002.ex1.csproj", "{3BBE336B-7974-4C00-88A2-1BFD02E50704}"
EndProject
Global
	GlobalSection(SolutionConfigurationPlatforms) = preSolution
		Debug|Any CPU = Debug|Any CPU
		Release|Any CPU = Release|Any CPU
	EndGlobalSection
	GlobalSection(ProjectConfigurationPlatforms) = postSolution
		{3BBE336B-7974-4C00-88A2-1BFD02E50704}.Debug|Any CPU.ActiveCfg = Debug|Any CPU
		{3BBE336B-7974-4C00-88A2-1BFD02E50704}.Debug|Any CPU.Build.0 = Debug|Any CPU
		{3BBE336B-7974-4C00-88A2-1BFD02E50704}.Release|Any CPU.ActiveCfg = Release|Any CPU
		{3BBE336B-7974-4C00-88A2-1BFD02E50704}.Release|Any CPU.Build.0 = Release|Any CPU
	EndGlobalSection
	GlobalSection(SolutionProperties) = preSolution
		HideSolutionNode = FALSE
	EndGlobalSection
	GlobalSection(ExtensibilityGlobals) = postSolution
		SolutionGuid = {EFE29ACE-A250-49A0-A069-F26AB3063AFF}
	EndGlobalSection
EndGlobal
