
Microsoft Visual Studio Solution File, Format Version 12.00
# Visual Studio Version 17
VisualStudioVersion = 17.3.32922.545
MinimumVisualStudioVersion = 10.0.40219.1
Project("{FAE04EC0-301F-11D3-BF4B-00C04F79EFBC}") = "ConsoleApp2", "ConsoleApp2.csproj", "{47DCAB85-2668-4078-AA49-5B4AA8BEBB16}"
EndProject
Global
	GlobalSection(SolutionConfigurationPlatforms) = preSolution
		Debug|Any CPU = Debug|Any CPU
		Release|Any CPU = Release|Any CPU
	EndGlobalSection
	GlobalSection(ProjectConfigurationPlatforms) = postSolution
		{47DCAB85-2668-4078-AA49-5B4AA8BEBB16}.Debug|Any CPU.ActiveCfg = Debug|Any CPU
		{47DCAB85-2668-4078-AA49-5B4AA8BEBB16}.Debug|Any CPU.Build.0 = Debug|Any CPU
		{47DCAB85-2668-4078-AA49-5B4AA8BEBB16}.Release|Any CPU.ActiveCfg = Release|Any CPU
		{47DCAB85-2668-4078-AA49-5B4AA8BEBB16}.Release|Any CPU.Build.0 = Release|Any CPU
	EndGlobalSection
	GlobalSection(SolutionProperties) = preSolution
		HideSolutionNode = FALSE
	EndGlobalSection
	GlobalSection(ExtensibilityGlobals) = postSolution
		SolutionGuid = {58A90A18-58F2-42C2-AED7-29A1D1D0E9C1}
	EndGlobalSection
EndGlobal
